// !$*UTF8*$!
{
	archiveVersion = 1;
	classes = {
	};
	objectVersion = 46;
	objects = {

/* Begin PBXAggregateTarget section */
		E7751A9818DEA93100EDF841 /* MOGenerator */ = {
			isa = PBXAggregateTarget;
			buildConfigurationList = E7751A9918DEA93100EDF841 /* Build configuration list for PBXAggregateTarget "MOGenerator" */;
			buildPhases = (
				E7751A9C18DEA94E00EDF841 /* ShellScript */,
			);
			dependencies = (
			);
			name = MOGenerator;
			productName = MOGenerator;
		};
/* End PBXAggregateTarget section */

/* Begin PBXBuildFile section */
		0AE6B12F928F49C9A6C722F6 /* libPods.a in Frameworks */ = {isa = PBXBuildFile; fileRef = 639CDD26BF984B178D64A62B /* libPods.a */; };
		7D28E96CA90B4F7AB21F43F4 /* libPods.a in Frameworks */ = {isa = PBXBuildFile; fileRef = 639CDD26BF984B178D64A62B /* libPods.a */; };
		E707A5B418DF7F3E000AAEEE /* NSURLProtectionSpace+SYMAdditions.m in Sources */ = {isa = PBXBuildFile; fileRef = E707A5B318DF7F3E000AAEEE /* NSURLProtectionSpace+SYMAdditions.m */; };
		E707A5B518DF7F3E000AAEEE /* NSURLProtectionSpace+SYMAdditions.m in Sources */ = {isa = PBXBuildFile; fileRef = E707A5B318DF7F3E000AAEEE /* NSURLProtectionSpace+SYMAdditions.m */; };
		E707A5B718DF80B4000AAEEE /* NSURLProtectionSpaceAdditionsTests.m in Sources */ = {isa = PBXBuildFile; fileRef = E707A5B618DF80B4000AAEEE /* NSURLProtectionSpaceAdditionsTests.m */; };
		E710DAED18E8B165009B335D /* BambooBrowser.xib in Resources */ = {isa = PBXBuildFile; fileRef = E710DAEC18E8B165009B335D /* BambooBrowser.xib */; };
		E710DAEE18E8B165009B335D /* BambooBrowser.xib in Resources */ = {isa = PBXBuildFile; fileRef = E710DAEC18E8B165009B335D /* BambooBrowser.xib */; };
		E74085FE18E65EA20058AB37 /* SYMBambooClient+Projects.m in Sources */ = {isa = PBXBuildFile; fileRef = E74085FD18E65EA20058AB37 /* SYMBambooClient+Projects.m */; };
		E74085FF18E65EA20058AB37 /* SYMBambooClient+Projects.m in Sources */ = {isa = PBXBuildFile; fileRef = E74085FD18E65EA20058AB37 /* SYMBambooClient+Projects.m */; };
		E756B2FB18E290C900805448 /* SYMNotificationConstants.m in Sources */ = {isa = PBXBuildFile; fileRef = E756B2FA18E290C900805448 /* SYMNotificationConstants.m */; };
		E756B2FC18E290C900805448 /* SYMNotificationConstants.m in Sources */ = {isa = PBXBuildFile; fileRef = E756B2FA18E290C900805448 /* SYMNotificationConstants.m */; };
		E7751A9618DEA76000EDF841 /* SYMBambooClient.m in Sources */ = {isa = PBXBuildFile; fileRef = E7751A9518DEA76000EDF841 /* SYMBambooClient.m */; };
		E7751A9718DEA76000EDF841 /* SYMBambooClient.m in Sources */ = {isa = PBXBuildFile; fileRef = E7751A9518DEA76000EDF841 /* SYMBambooClient.m */; };
		E7751A9F18DEAB5200EDF841 /* Symbolicator.xcdatamodeld in Sources */ = {isa = PBXBuildFile; fileRef = E7751A9D18DEAB5200EDF841 /* Symbolicator.xcdatamodeld */; };
		E7751AA018DEAB5200EDF841 /* Symbolicator.xcdatamodeld in Sources */ = {isa = PBXBuildFile; fileRef = E7751A9D18DEAB5200EDF841 /* Symbolicator.xcdatamodeld */; };
		E7751AAB18DEAFBD00EDF841 /* SYMBambooArtifact.m in Sources */ = {isa = PBXBuildFile; fileRef = E7751AA218DEAFBD00EDF841 /* SYMBambooArtifact.m */; };
		E7751AAC18DEAFBD00EDF841 /* SYMBambooArtifact.m in Sources */ = {isa = PBXBuildFile; fileRef = E7751AA218DEAFBD00EDF841 /* SYMBambooArtifact.m */; };
		E7751AAD18DEAFBD00EDF841 /* SYMBambooBuild.m in Sources */ = {isa = PBXBuildFile; fileRef = E7751AA418DEAFBD00EDF841 /* SYMBambooBuild.m */; };
		E7751AAE18DEAFBD00EDF841 /* SYMBambooBuild.m in Sources */ = {isa = PBXBuildFile; fileRef = E7751AA418DEAFBD00EDF841 /* SYMBambooBuild.m */; };
		E7751AAF18DEAFBD00EDF841 /* SYMBambooPlan.m in Sources */ = {isa = PBXBuildFile; fileRef = E7751AA618DEAFBD00EDF841 /* SYMBambooPlan.m */; };
		E7751AB018DEAFBD00EDF841 /* SYMBambooPlan.m in Sources */ = {isa = PBXBuildFile; fileRef = E7751AA618DEAFBD00EDF841 /* SYMBambooPlan.m */; };
		E7751AB118DEAFBD00EDF841 /* SYMBambooProject.m in Sources */ = {isa = PBXBuildFile; fileRef = E7751AA818DEAFBD00EDF841 /* SYMBambooProject.m */; };
		E7751AB218DEAFBD00EDF841 /* SYMBambooProject.m in Sources */ = {isa = PBXBuildFile; fileRef = E7751AA818DEAFBD00EDF841 /* SYMBambooProject.m */; };
		E7751AB318DEAFBD00EDF841 /* SYMBambooServer.m in Sources */ = {isa = PBXBuildFile; fileRef = E7751AAA18DEAFBD00EDF841 /* SYMBambooServer.m */; };
		E7751AB418DEAFBD00EDF841 /* SYMBambooServer.m in Sources */ = {isa = PBXBuildFile; fileRef = E7751AAA18DEAFBD00EDF841 /* SYMBambooServer.m */; };
		E7751AC118DEAFEB00EDF841 /* _SYMBambooArtifact.m in Sources */ = {isa = PBXBuildFile; fileRef = E7751AB818DEAFEB00EDF841 /* _SYMBambooArtifact.m */; };
		E7751AC218DEAFEB00EDF841 /* _SYMBambooArtifact.m in Sources */ = {isa = PBXBuildFile; fileRef = E7751AB818DEAFEB00EDF841 /* _SYMBambooArtifact.m */; };
		E7751AC318DEAFEB00EDF841 /* _SYMBambooBuild.m in Sources */ = {isa = PBXBuildFile; fileRef = E7751ABA18DEAFEB00EDF841 /* _SYMBambooBuild.m */; };
		E7751AC418DEAFEB00EDF841 /* _SYMBambooBuild.m in Sources */ = {isa = PBXBuildFile; fileRef = E7751ABA18DEAFEB00EDF841 /* _SYMBambooBuild.m */; };
		E7751AC518DEAFEB00EDF841 /* _SYMBambooPlan.m in Sources */ = {isa = PBXBuildFile; fileRef = E7751ABC18DEAFEB00EDF841 /* _SYMBambooPlan.m */; };
		E7751AC618DEAFEB00EDF841 /* _SYMBambooPlan.m in Sources */ = {isa = PBXBuildFile; fileRef = E7751ABC18DEAFEB00EDF841 /* _SYMBambooPlan.m */; };
		E7751AC718DEAFEB00EDF841 /* _SYMBambooProject.m in Sources */ = {isa = PBXBuildFile; fileRef = E7751ABE18DEAFEB00EDF841 /* _SYMBambooProject.m */; };
		E7751AC818DEAFEB00EDF841 /* _SYMBambooProject.m in Sources */ = {isa = PBXBuildFile; fileRef = E7751ABE18DEAFEB00EDF841 /* _SYMBambooProject.m */; };
		E7751AC918DEAFEB00EDF841 /* _SYMBambooServer.m in Sources */ = {isa = PBXBuildFile; fileRef = E7751AC018DEAFEB00EDF841 /* _SYMBambooServer.m */; };
		E7751ACA18DEAFEB00EDF841 /* _SYMBambooServer.m in Sources */ = {isa = PBXBuildFile; fileRef = E7751AC018DEAFEB00EDF841 /* _SYMBambooServer.m */; };
		E7CBEAD718E75F1700B461C1 /* SYMBambooClient+Plans.m in Sources */ = {isa = PBXBuildFile; fileRef = E7CBEAD618E75F1700B461C1 /* SYMBambooClient+Plans.m */; };
		E7CBEAD818E75F1700B461C1 /* SYMBambooClient+Plans.m in Sources */ = {isa = PBXBuildFile; fileRef = E7CBEAD618E75F1700B461C1 /* SYMBambooClient+Plans.m */; };
		E7DA403818E67A6100662884 /* SYMBambooPaginationManager.m in Sources */ = {isa = PBXBuildFile; fileRef = E7DA403718E67A6100662884 /* SYMBambooPaginationManager.m */; };
		E7DA403918E67A6100662884 /* SYMBambooPaginationManager.m in Sources */ = {isa = PBXBuildFile; fileRef = E7DA403718E67A6100662884 /* SYMBambooPaginationManager.m */; };
		E7DA403C18E68DED00662884 /* SYMBambooClient+Paging.m in Sources */ = {isa = PBXBuildFile; fileRef = E7DA403B18E68DED00662884 /* SYMBambooClient+Paging.m */; };
		E7DA403D18E68DED00662884 /* SYMBambooClient+Paging.m in Sources */ = {isa = PBXBuildFile; fileRef = E7DA403B18E68DED00662884 /* SYMBambooClient+Paging.m */; };
		E7DF66B918DF903D00628202 /* SYMPreferencesController.m in Sources */ = {isa = PBXBuildFile; fileRef = E7DF66B818DF903D00628202 /* SYMPreferencesController.m */; };
		E7DF66BA18DF903D00628202 /* SYMPreferencesController.m in Sources */ = {isa = PBXBuildFile; fileRef = E7DF66B818DF903D00628202 /* SYMPreferencesController.m */; };
		E7DF66C218DFE16400628202 /* SYMBambooBrowserController.m in Sources */ = {isa = PBXBuildFile; fileRef = E7DF66C118DFE16400628202 /* SYMBambooBrowserController.m */; };
		E7DF66C318DFE16400628202 /* SYMBambooBrowserController.m in Sources */ = {isa = PBXBuildFile; fileRef = E7DF66C118DFE16400628202 /* SYMBambooBrowserController.m */; };
		F529775318D7E68A001551EB /* SYMSymbolicator.m in Sources */ = {isa = PBXBuildFile; fileRef = F529775218D7E68A001551EB /* SYMSymbolicator.m */; };
		F529775418D7E68A001551EB /* SYMSymbolicator.m in Sources */ = {isa = PBXBuildFile; fileRef = F529775218D7E68A001551EB /* SYMSymbolicator.m */; };
		F5D9564318D25B2F00952D3C /* Cocoa.framework in Frameworks */ = {isa = PBXBuildFile; fileRef = F5D9564218D25B2F00952D3C /* Cocoa.framework */; };
		F5D9564D18D25B2F00952D3C /* InfoPlist.strings in Resources */ = {isa = PBXBuildFile; fileRef = F5D9564B18D25B2F00952D3C /* InfoPlist.strings */; };
		F5D9564F18D25B2F00952D3C /* main.m in Sources */ = {isa = PBXBuildFile; fileRef = F5D9564E18D25B2F00952D3C /* main.m */; };
		F5D9565318D25B2F00952D3C /* Credits.rtf in Resources */ = {isa = PBXBuildFile; fileRef = F5D9565118D25B2F00952D3C /* Credits.rtf */; };
		F5D9565618D25B2F00952D3C /* SYMAppDelegate.m in Sources */ = {isa = PBXBuildFile; fileRef = F5D9565518D25B2F00952D3C /* SYMAppDelegate.m */; };
		F5D9565918D25B2F00952D3C /* MainMenu.xib in Resources */ = {isa = PBXBuildFile; fileRef = F5D9565718D25B2F00952D3C /* MainMenu.xib */; };
		F5D9565B18D25B2F00952D3C /* Images.xcassets in Resources */ = {isa = PBXBuildFile; fileRef = F5D9565A18D25B2F00952D3C /* Images.xcassets */; };
		F5D9566218D25B2F00952D3C /* XCTest.framework in Frameworks */ = {isa = PBXBuildFile; fileRef = F5D9566118D25B2F00952D3C /* XCTest.framework */; };
		F5D9566318D25B2F00952D3C /* Cocoa.framework in Frameworks */ = {isa = PBXBuildFile; fileRef = F5D9564218D25B2F00952D3C /* Cocoa.framework */; };
		F5D9566B18D25B2F00952D3C /* InfoPlist.strings in Resources */ = {isa = PBXBuildFile; fileRef = F5D9566918D25B2F00952D3C /* InfoPlist.strings */; };
		F5D9567818D25DFA00952D3C /* SYMAppController.m in Sources */ = {isa = PBXBuildFile; fileRef = F5D9567718D25DFA00952D3C /* SYMAppController.m */; };
		F5D9567918D25DFA00952D3C /* SYMAppController.m in Sources */ = {isa = PBXBuildFile; fileRef = F5D9567718D25DFA00952D3C /* SYMAppController.m */; };
/* End PBXBuildFile section */

/* Begin PBXContainerItemProxy section */
		F5D9566418D25B2F00952D3C /* PBXContainerItemProxy */ = {
			isa = PBXContainerItemProxy;
			containerPortal = F5D9563718D25B2F00952D3C /* Project object */;
			proxyType = 1;
			remoteGlobalIDString = F5D9563E18D25B2F00952D3C;
			remoteInfo = Symbolicator;
		};
/* End PBXContainerItemProxy section */

/* Begin PBXFileReference section */
		2B87C05FA5A9412FAE82C07A /* Pods.xcconfig */ = {isa = PBXFileReference; includeInIndex = 1; lastKnownFileType = text.xcconfig; name = Pods.xcconfig; path = Pods/Pods.xcconfig; sourceTree = "<group>"; };
		639CDD26BF984B178D64A62B /* libPods.a */ = {isa = PBXFileReference; explicitFileType = archive.ar; includeInIndex = 0; path = libPods.a; sourceTree = BUILT_PRODUCTS_DIR; };
		E707A5B218DF7F3E000AAEEE /* NSURLProtectionSpace+SYMAdditions.h */ = {isa = PBXFileReference; fileEncoding = 4; lastKnownFileType = sourcecode.c.h; path = "NSURLProtectionSpace+SYMAdditions.h"; sourceTree = "<group>"; };
		E707A5B318DF7F3E000AAEEE /* NSURLProtectionSpace+SYMAdditions.m */ = {isa = PBXFileReference; fileEncoding = 4; lastKnownFileType = sourcecode.c.objc; path = "NSURLProtectionSpace+SYMAdditions.m"; sourceTree = "<group>"; };
		E707A5B618DF80B4000AAEEE /* NSURLProtectionSpaceAdditionsTests.m */ = {isa = PBXFileReference; fileEncoding = 4; lastKnownFileType = sourcecode.c.objc; path = NSURLProtectionSpaceAdditionsTests.m; sourceTree = "<group>"; };
		E710DAEC18E8B165009B335D /* BambooBrowser.xib */ = {isa = PBXFileReference; fileEncoding = 4; lastKnownFileType = file.xib; path = BambooBrowser.xib; sourceTree = "<group>"; };
		E74085FC18E65EA20058AB37 /* SYMBambooClient+Projects.h */ = {isa = PBXFileReference; fileEncoding = 4; lastKnownFileType = sourcecode.c.h; path = "SYMBambooClient+Projects.h"; sourceTree = "<group>"; };
		E74085FD18E65EA20058AB37 /* SYMBambooClient+Projects.m */ = {isa = PBXFileReference; fileEncoding = 4; lastKnownFileType = sourcecode.c.objc; path = "SYMBambooClient+Projects.m"; sourceTree = "<group>"; };
		E740860018E65EF70058AB37 /* SYMBambooClient_Subclass.h */ = {isa = PBXFileReference; lastKnownFileType = sourcecode.c.h; path = SYMBambooClient_Subclass.h; sourceTree = "<group>"; };
		E756B2F918E290C900805448 /* SYMNotificationConstants.h */ = {isa = PBXFileReference; fileEncoding = 4; lastKnownFileType = sourcecode.c.h; path = SYMNotificationConstants.h; sourceTree = "<group>"; };
		E756B2FA18E290C900805448 /* SYMNotificationConstants.m */ = {isa = PBXFileReference; fileEncoding = 4; lastKnownFileType = sourcecode.c.objc; path = SYMNotificationConstants.m; sourceTree = "<group>"; };
		E7751A9418DEA76000EDF841 /* SYMBambooClient.h */ = {isa = PBXFileReference; fileEncoding = 4; lastKnownFileType = sourcecode.c.h; path = SYMBambooClient.h; sourceTree = "<group>"; };
		E7751A9518DEA76000EDF841 /* SYMBambooClient.m */ = {isa = PBXFileReference; fileEncoding = 4; lastKnownFileType = sourcecode.c.objc; path = SYMBambooClient.m; sourceTree = "<group>"; };
		E7751A9E18DEAB5200EDF841 /* Symbolicator.xcdatamodel */ = {isa = PBXFileReference; lastKnownFileType = wrapper.xcdatamodel; path = Symbolicator.xcdatamodel; sourceTree = "<group>"; };
		E7751AA118DEAFBD00EDF841 /* SYMBambooArtifact.h */ = {isa = PBXFileReference; fileEncoding = 4; lastKnownFileType = sourcecode.c.h; name = SYMBambooArtifact.h; path = Model/Human/SYMBambooArtifact.h; sourceTree = "<group>"; };
		E7751AA218DEAFBD00EDF841 /* SYMBambooArtifact.m */ = {isa = PBXFileReference; fileEncoding = 4; lastKnownFileType = sourcecode.c.objc; name = SYMBambooArtifact.m; path = Model/Human/SYMBambooArtifact.m; sourceTree = "<group>"; };
		E7751AA318DEAFBD00EDF841 /* SYMBambooBuild.h */ = {isa = PBXFileReference; fileEncoding = 4; lastKnownFileType = sourcecode.c.h; name = SYMBambooBuild.h; path = Model/Human/SYMBambooBuild.h; sourceTree = "<group>"; };
		E7751AA418DEAFBD00EDF841 /* SYMBambooBuild.m */ = {isa = PBXFileReference; fileEncoding = 4; lastKnownFileType = sourcecode.c.objc; name = SYMBambooBuild.m; path = Model/Human/SYMBambooBuild.m; sourceTree = "<group>"; };
		E7751AA518DEAFBD00EDF841 /* SYMBambooPlan.h */ = {isa = PBXFileReference; fileEncoding = 4; lastKnownFileType = sourcecode.c.h; name = SYMBambooPlan.h; path = Model/Human/SYMBambooPlan.h; sourceTree = "<group>"; };
		E7751AA618DEAFBD00EDF841 /* SYMBambooPlan.m */ = {isa = PBXFileReference; fileEncoding = 4; lastKnownFileType = sourcecode.c.objc; name = SYMBambooPlan.m; path = Model/Human/SYMBambooPlan.m; sourceTree = "<group>"; };
		E7751AA718DEAFBD00EDF841 /* SYMBambooProject.h */ = {isa = PBXFileReference; fileEncoding = 4; lastKnownFileType = sourcecode.c.h; name = SYMBambooProject.h; path = Model/Human/SYMBambooProject.h; sourceTree = "<group>"; };
		E7751AA818DEAFBD00EDF841 /* SYMBambooProject.m */ = {isa = PBXFileReference; fileEncoding = 4; lastKnownFileType = sourcecode.c.objc; name = SYMBambooProject.m; path = Model/Human/SYMBambooProject.m; sourceTree = "<group>"; };
		E7751AA918DEAFBD00EDF841 /* SYMBambooServer.h */ = {isa = PBXFileReference; fileEncoding = 4; lastKnownFileType = sourcecode.c.h; name = SYMBambooServer.h; path = Model/Human/SYMBambooServer.h; sourceTree = "<group>"; };
		E7751AAA18DEAFBD00EDF841 /* SYMBambooServer.m */ = {isa = PBXFileReference; fileEncoding = 4; lastKnownFileType = sourcecode.c.objc; name = SYMBambooServer.m; path = Model/Human/SYMBambooServer.m; sourceTree = "<group>"; };
		E7751AB718DEAFEB00EDF841 /* _SYMBambooArtifact.h */ = {isa = PBXFileReference; fileEncoding = 4; lastKnownFileType = sourcecode.c.h; name = _SYMBambooArtifact.h; path = Model/MachineGenerated/_SYMBambooArtifact.h; sourceTree = "<group>"; };
		E7751AB818DEAFEB00EDF841 /* _SYMBambooArtifact.m */ = {isa = PBXFileReference; fileEncoding = 4; lastKnownFileType = sourcecode.c.objc; name = _SYMBambooArtifact.m; path = Model/MachineGenerated/_SYMBambooArtifact.m; sourceTree = "<group>"; };
		E7751AB918DEAFEB00EDF841 /* _SYMBambooBuild.h */ = {isa = PBXFileReference; fileEncoding = 4; lastKnownFileType = sourcecode.c.h; name = _SYMBambooBuild.h; path = Model/MachineGenerated/_SYMBambooBuild.h; sourceTree = "<group>"; };
		E7751ABA18DEAFEB00EDF841 /* _SYMBambooBuild.m */ = {isa = PBXFileReference; fileEncoding = 4; lastKnownFileType = sourcecode.c.objc; name = _SYMBambooBuild.m; path = Model/MachineGenerated/_SYMBambooBuild.m; sourceTree = "<group>"; };
		E7751ABB18DEAFEB00EDF841 /* _SYMBambooPlan.h */ = {isa = PBXFileReference; fileEncoding = 4; lastKnownFileType = sourcecode.c.h; name = _SYMBambooPlan.h; path = Model/MachineGenerated/_SYMBambooPlan.h; sourceTree = "<group>"; };
		E7751ABC18DEAFEB00EDF841 /* _SYMBambooPlan.m */ = {isa = PBXFileReference; fileEncoding = 4; lastKnownFileType = sourcecode.c.objc; name = _SYMBambooPlan.m; path = Model/MachineGenerated/_SYMBambooPlan.m; sourceTree = "<group>"; };
		E7751ABD18DEAFEB00EDF841 /* _SYMBambooProject.h */ = {isa = PBXFileReference; fileEncoding = 4; lastKnownFileType = sourcecode.c.h; name = _SYMBambooProject.h; path = Model/MachineGenerated/_SYMBambooProject.h; sourceTree = "<group>"; };
		E7751ABE18DEAFEB00EDF841 /* _SYMBambooProject.m */ = {isa = PBXFileReference; fileEncoding = 4; lastKnownFileType = sourcecode.c.objc; name = _SYMBambooProject.m; path = Model/MachineGenerated/_SYMBambooProject.m; sourceTree = "<group>"; };
		E7751ABF18DEAFEB00EDF841 /* _SYMBambooServer.h */ = {isa = PBXFileReference; fileEncoding = 4; lastKnownFileType = sourcecode.c.h; name = _SYMBambooServer.h; path = Model/MachineGenerated/_SYMBambooServer.h; sourceTree = "<group>"; };
		E7751AC018DEAFEB00EDF841 /* _SYMBambooServer.m */ = {isa = PBXFileReference; fileEncoding = 4; lastKnownFileType = sourcecode.c.objc; name = _SYMBambooServer.m; path = Model/MachineGenerated/_SYMBambooServer.m; sourceTree = "<group>"; };
		E7BEBCD618E7DC5A0024854A /* SYMTreeNode.h */ = {isa = PBXFileReference; lastKnownFileType = sourcecode.c.h; path = SYMTreeNode.h; sourceTree = "<group>"; };
		E7CBEAD518E75F1700B461C1 /* SYMBambooClient+Plans.h */ = {isa = PBXFileReference; fileEncoding = 4; lastKnownFileType = sourcecode.c.h; path = "SYMBambooClient+Plans.h"; sourceTree = "<group>"; };
		E7CBEAD618E75F1700B461C1 /* SYMBambooClient+Plans.m */ = {isa = PBXFileReference; fileEncoding = 4; lastKnownFileType = sourcecode.c.objc; path = "SYMBambooClient+Plans.m"; sourceTree = "<group>"; };
		E7DA403618E67A6100662884 /* SYMBambooPaginationManager.h */ = {isa = PBXFileReference; fileEncoding = 4; lastKnownFileType = sourcecode.c.h; path = SYMBambooPaginationManager.h; sourceTree = "<group>"; };
		E7DA403718E67A6100662884 /* SYMBambooPaginationManager.m */ = {isa = PBXFileReference; fileEncoding = 4; lastKnownFileType = sourcecode.c.objc; path = SYMBambooPaginationManager.m; sourceTree = "<group>"; };
		E7DA403A18E68DED00662884 /* SYMBambooClient+Paging.h */ = {isa = PBXFileReference; fileEncoding = 4; lastKnownFileType = sourcecode.c.h; path = "SYMBambooClient+Paging.h"; sourceTree = "<group>"; };
		E7DA403B18E68DED00662884 /* SYMBambooClient+Paging.m */ = {isa = PBXFileReference; fileEncoding = 4; lastKnownFileType = sourcecode.c.objc; path = "SYMBambooClient+Paging.m"; sourceTree = "<group>"; };
		E7DF66B718DF903D00628202 /* SYMPreferencesController.h */ = {isa = PBXFileReference; fileEncoding = 4; lastKnownFileType = sourcecode.c.h; path = SYMPreferencesController.h; sourceTree = "<group>"; };
		E7DF66B818DF903D00628202 /* SYMPreferencesController.m */ = {isa = PBXFileReference; fileEncoding = 4; lastKnownFileType = sourcecode.c.objc; path = SYMPreferencesController.m; sourceTree = "<group>"; };
		E7DF66C018DFE16400628202 /* SYMBambooBrowserController.h */ = {isa = PBXFileReference; fileEncoding = 4; lastKnownFileType = sourcecode.c.h; path = SYMBambooBrowserController.h; sourceTree = "<group>"; };
		E7DF66C118DFE16400628202 /* SYMBambooBrowserController.m */ = {isa = PBXFileReference; fileEncoding = 4; lastKnownFileType = sourcecode.c.objc; path = SYMBambooBrowserController.m; sourceTree = "<group>"; };
		F529775118D7E68A001551EB /* SYMSymbolicator.h */ = {isa = PBXFileReference; fileEncoding = 4; lastKnownFileType = sourcecode.c.h; path = SYMSymbolicator.h; sourceTree = "<group>"; };
		F529775218D7E68A001551EB /* SYMSymbolicator.m */ = {isa = PBXFileReference; fileEncoding = 4; lastKnownFileType = sourcecode.c.objc; path = SYMSymbolicator.m; sourceTree = "<group>"; };
		F5D9563F18D25B2F00952D3C /* Symbolicator.app */ = {isa = PBXFileReference; explicitFileType = wrapper.application; includeInIndex = 0; path = Symbolicator.app; sourceTree = BUILT_PRODUCTS_DIR; };
		F5D9564218D25B2F00952D3C /* Cocoa.framework */ = {isa = PBXFileReference; lastKnownFileType = wrapper.framework; name = Cocoa.framework; path = System/Library/Frameworks/Cocoa.framework; sourceTree = SDKROOT; };
		F5D9564518D25B2F00952D3C /* AppKit.framework */ = {isa = PBXFileReference; lastKnownFileType = wrapper.framework; name = AppKit.framework; path = System/Library/Frameworks/AppKit.framework; sourceTree = SDKROOT; };
		F5D9564618D25B2F00952D3C /* CoreData.framework */ = {isa = PBXFileReference; lastKnownFileType = wrapper.framework; name = CoreData.framework; path = System/Library/Frameworks/CoreData.framework; sourceTree = SDKROOT; };
		F5D9564718D25B2F00952D3C /* Foundation.framework */ = {isa = PBXFileReference; lastKnownFileType = wrapper.framework; name = Foundation.framework; path = System/Library/Frameworks/Foundation.framework; sourceTree = SDKROOT; };
		F5D9564A18D25B2F00952D3C /* Symbolicator-Info.plist */ = {isa = PBXFileReference; lastKnownFileType = text.plist.xml; path = "Symbolicator-Info.plist"; sourceTree = "<group>"; };
		F5D9564C18D25B2F00952D3C /* en */ = {isa = PBXFileReference; lastKnownFileType = text.plist.strings; name = en; path = en.lproj/InfoPlist.strings; sourceTree = "<group>"; };
		F5D9564E18D25B2F00952D3C /* main.m */ = {isa = PBXFileReference; lastKnownFileType = sourcecode.c.objc; path = main.m; sourceTree = "<group>"; };
		F5D9565018D25B2F00952D3C /* Symbolicator-Prefix.pch */ = {isa = PBXFileReference; lastKnownFileType = sourcecode.c.h; path = "Symbolicator-Prefix.pch"; sourceTree = "<group>"; };
		F5D9565218D25B2F00952D3C /* en */ = {isa = PBXFileReference; lastKnownFileType = text.rtf; name = en; path = en.lproj/Credits.rtf; sourceTree = "<group>"; };
		F5D9565418D25B2F00952D3C /* SYMAppDelegate.h */ = {isa = PBXFileReference; lastKnownFileType = sourcecode.c.h; path = SYMAppDelegate.h; sourceTree = "<group>"; };
		F5D9565518D25B2F00952D3C /* SYMAppDelegate.m */ = {isa = PBXFileReference; lastKnownFileType = sourcecode.c.objc; path = SYMAppDelegate.m; sourceTree = "<group>"; };
		F5D9565818D25B2F00952D3C /* Base */ = {isa = PBXFileReference; lastKnownFileType = file.xib; name = Base; path = Base.lproj/MainMenu.xib; sourceTree = "<group>"; };
		F5D9565A18D25B2F00952D3C /* Images.xcassets */ = {isa = PBXFileReference; lastKnownFileType = folder.assetcatalog; path = Images.xcassets; sourceTree = "<group>"; };
		F5D9566018D25B2F00952D3C /* SymbolicatorTests.xctest */ = {isa = PBXFileReference; explicitFileType = wrapper.cfbundle; includeInIndex = 0; path = SymbolicatorTests.xctest; sourceTree = BUILT_PRODUCTS_DIR; };
		F5D9566118D25B2F00952D3C /* XCTest.framework */ = {isa = PBXFileReference; lastKnownFileType = wrapper.framework; name = XCTest.framework; path = Library/Frameworks/XCTest.framework; sourceTree = DEVELOPER_DIR; };
		F5D9566818D25B2F00952D3C /* SymbolicatorTests-Info.plist */ = {isa = PBXFileReference; lastKnownFileType = text.plist.xml; path = "SymbolicatorTests-Info.plist"; sourceTree = "<group>"; };
		F5D9566A18D25B2F00952D3C /* en */ = {isa = PBXFileReference; lastKnownFileType = text.plist.strings; name = en; path = en.lproj/InfoPlist.strings; sourceTree = "<group>"; };
		F5D9567618D25DFA00952D3C /* SYMAppController.h */ = {isa = PBXFileReference; fileEncoding = 4; lastKnownFileType = sourcecode.c.h; path = SYMAppController.h; sourceTree = "<group>"; };
		F5D9567718D25DFA00952D3C /* SYMAppController.m */ = {isa = PBXFileReference; fileEncoding = 4; lastKnownFileType = sourcecode.c.objc; path = SYMAppController.m; sourceTree = "<group>"; };
/* End PBXFileReference section */

/* Begin PBXFrameworksBuildPhase section */
		F5D9563C18D25B2F00952D3C /* Frameworks */ = {
			isa = PBXFrameworksBuildPhase;
			buildActionMask = 2147483647;
			files = (
				F5D9564318D25B2F00952D3C /* Cocoa.framework in Frameworks */,
				7D28E96CA90B4F7AB21F43F4 /* libPods.a in Frameworks */,
			);
			runOnlyForDeploymentPostprocessing = 0;
		};
		F5D9565D18D25B2F00952D3C /* Frameworks */ = {
			isa = PBXFrameworksBuildPhase;
			buildActionMask = 2147483647;
			files = (
				F5D9566318D25B2F00952D3C /* Cocoa.framework in Frameworks */,
				F5D9566218D25B2F00952D3C /* XCTest.framework in Frameworks */,
				0AE6B12F928F49C9A6C722F6 /* libPods.a in Frameworks */,
			);
			runOnlyForDeploymentPostprocessing = 0;
		};
/* End PBXFrameworksBuildPhase section */

/* Begin PBXGroup section */
		E707A5B118DF7F0D000AAEEE /* Categories */ = {
			isa = PBXGroup;
			children = (
				E707A5B218DF7F3E000AAEEE /* NSURLProtectionSpace+SYMAdditions.h */,
				E707A5B318DF7F3E000AAEEE /* NSURLProtectionSpace+SYMAdditions.m */,
			);
			name = Categories;
			sourceTree = "<group>";
		};
		E7751A9218DEA71000EDF841 /* Model */ = {
			isa = PBXGroup;
			children = (
				E7751A9D18DEAB5200EDF841 /* Symbolicator.xcdatamodeld */,
				E7BEBCD618E7DC5A0024854A /* SYMTreeNode.h */,
				E7751AB518DEAFD200EDF841 /* Human */,
				E7751AB618DEAFDB00EDF841 /* Machine */,
			);
			name = Model;
			sourceTree = "<group>";
		};
		E7751A9318DEA71700EDF841 /* Bamboo REST client */ = {
			isa = PBXGroup;
			children = (
				E7751A9418DEA76000EDF841 /* SYMBambooClient.h */,
				E740860018E65EF70058AB37 /* SYMBambooClient_Subclass.h */,
				E7751A9518DEA76000EDF841 /* SYMBambooClient.m */,
				E7DA403A18E68DED00662884 /* SYMBambooClient+Paging.h */,
				E7DA403B18E68DED00662884 /* SYMBambooClient+Paging.m */,
				E7CBEAD518E75F1700B461C1 /* SYMBambooClient+Plans.h */,
				E7CBEAD618E75F1700B461C1 /* SYMBambooClient+Plans.m */,
				E74085FC18E65EA20058AB37 /* SYMBambooClient+Projects.h */,
				E74085FD18E65EA20058AB37 /* SYMBambooClient+Projects.m */,
				E7DA403618E67A6100662884 /* SYMBambooPaginationManager.h */,
				E7DA403718E67A6100662884 /* SYMBambooPaginationManager.m */,
			);
			name = "Bamboo REST client";
			sourceTree = "<group>";
		};
		E7751AB518DEAFD200EDF841 /* Human */ = {
			isa = PBXGroup;
			children = (
				E7751AA118DEAFBD00EDF841 /* SYMBambooArtifact.h */,
				E7751AA218DEAFBD00EDF841 /* SYMBambooArtifact.m */,
				E7751AA318DEAFBD00EDF841 /* SYMBambooBuild.h */,
				E7751AA418DEAFBD00EDF841 /* SYMBambooBuild.m */,
				E7751AA518DEAFBD00EDF841 /* SYMBambooPlan.h */,
				E7751AA618DEAFBD00EDF841 /* SYMBambooPlan.m */,
				E7751AA718DEAFBD00EDF841 /* SYMBambooProject.h */,
				E7751AA818DEAFBD00EDF841 /* SYMBambooProject.m */,
				E7751AA918DEAFBD00EDF841 /* SYMBambooServer.h */,
				E7751AAA18DEAFBD00EDF841 /* SYMBambooServer.m */,
			);
			name = Human;
			sourceTree = "<group>";
		};
		E7751AB618DEAFDB00EDF841 /* Machine */ = {
			isa = PBXGroup;
			children = (
				E7751AB718DEAFEB00EDF841 /* _SYMBambooArtifact.h */,
				E7751AB818DEAFEB00EDF841 /* _SYMBambooArtifact.m */,
				E7751AB918DEAFEB00EDF841 /* _SYMBambooBuild.h */,
				E7751ABA18DEAFEB00EDF841 /* _SYMBambooBuild.m */,
				E7751ABB18DEAFEB00EDF841 /* _SYMBambooPlan.h */,
				E7751ABC18DEAFEB00EDF841 /* _SYMBambooPlan.m */,
				E7751ABD18DEAFEB00EDF841 /* _SYMBambooProject.h */,
				E7751ABE18DEAFEB00EDF841 /* _SYMBambooProject.m */,
				E7751ABF18DEAFEB00EDF841 /* _SYMBambooServer.h */,
				E7751AC018DEAFEB00EDF841 /* _SYMBambooServer.m */,
			);
			name = Machine;
			sourceTree = "<group>";
		};
		E7DF66C418DFE16F00628202 /* Controllers */ = {
			isa = PBXGroup;
			children = (
				F5D9567618D25DFA00952D3C /* SYMAppController.h */,
				F5D9567718D25DFA00952D3C /* SYMAppController.m */,
				E7DF66C018DFE16400628202 /* SYMBambooBrowserController.h */,
				E7DF66C118DFE16400628202 /* SYMBambooBrowserController.m */,
				E7DF66B718DF903D00628202 /* SYMPreferencesController.h */,
				E7DF66B818DF903D00628202 /* SYMPreferencesController.m */,
			);
			name = Controllers;
			sourceTree = "<group>";
		};
		F5D9563618D25B2F00952D3C = {
			isa = PBXGroup;
			children = (
				F5D9564818D25B2F00952D3C /* Symbolicator */,
				F5D9566618D25B2F00952D3C /* SymbolicatorTests */,
				F5D9564118D25B2F00952D3C /* Frameworks */,
				F5D9564018D25B2F00952D3C /* Products */,
				2B87C05FA5A9412FAE82C07A /* Pods.xcconfig */,
			);
			sourceTree = "<group>";
		};
		F5D9564018D25B2F00952D3C /* Products */ = {
			isa = PBXGroup;
			children = (
				F5D9563F18D25B2F00952D3C /* Symbolicator.app */,
				F5D9566018D25B2F00952D3C /* SymbolicatorTests.xctest */,
			);
			name = Products;
			sourceTree = "<group>";
		};
		F5D9564118D25B2F00952D3C /* Frameworks */ = {
			isa = PBXGroup;
			children = (
				F5D9564218D25B2F00952D3C /* Cocoa.framework */,
				F5D9566118D25B2F00952D3C /* XCTest.framework */,
				F5D9564418D25B2F00952D3C /* Other Frameworks */,
				639CDD26BF984B178D64A62B /* libPods.a */,
			);
			name = Frameworks;
			sourceTree = "<group>";
		};
		F5D9564418D25B2F00952D3C /* Other Frameworks */ = {
			isa = PBXGroup;
			children = (
				F5D9564518D25B2F00952D3C /* AppKit.framework */,
				F5D9564618D25B2F00952D3C /* CoreData.framework */,
				F5D9564718D25B2F00952D3C /* Foundation.framework */,
			);
			name = "Other Frameworks";
			sourceTree = "<group>";
		};
		F5D9564818D25B2F00952D3C /* Symbolicator */ = {
			isa = PBXGroup;
			children = (
				F5D9565418D25B2F00952D3C /* SYMAppDelegate.h */,
				F5D9565518D25B2F00952D3C /* SYMAppDelegate.m */,
				F529775118D7E68A001551EB /* SYMSymbolicator.h */,
				F529775218D7E68A001551EB /* SYMSymbolicator.m */,
				E7751A9318DEA71700EDF841 /* Bamboo REST client */,
				E707A5B118DF7F0D000AAEEE /* Categories */,
				E7DF66C418DFE16F00628202 /* Controllers */,
				F5D9565718D25B2F00952D3C /* MainMenu.xib */,
				E710DAEC18E8B165009B335D /* BambooBrowser.xib */,
				F5D9565A18D25B2F00952D3C /* Images.xcassets */,
				E7751A9218DEA71000EDF841 /* Model */,
				F5D9564918D25B2F00952D3C /* Supporting Files */,
			);
			path = Symbolicator;
			sourceTree = "<group>";
		};
		F5D9564918D25B2F00952D3C /* Supporting Files */ = {
			isa = PBXGroup;
			children = (
				E756B2F918E290C900805448 /* SYMNotificationConstants.h */,
				E756B2FA18E290C900805448 /* SYMNotificationConstants.m */,
				F5D9564A18D25B2F00952D3C /* Symbolicator-Info.plist */,
				F5D9564B18D25B2F00952D3C /* InfoPlist.strings */,
				F5D9564E18D25B2F00952D3C /* main.m */,
				F5D9565018D25B2F00952D3C /* Symbolicator-Prefix.pch */,
				F5D9565118D25B2F00952D3C /* Credits.rtf */,
			);
			name = "Supporting Files";
			sourceTree = "<group>";
		};
		F5D9566618D25B2F00952D3C /* SymbolicatorTests */ = {
			isa = PBXGroup;
			children = (
				E707A5B618DF80B4000AAEEE /* NSURLProtectionSpaceAdditionsTests.m */,
				F5D9566718D25B2F00952D3C /* Supporting Files */,
			);
			path = SymbolicatorTests;
			sourceTree = "<group>";
		};
		F5D9566718D25B2F00952D3C /* Supporting Files */ = {
			isa = PBXGroup;
			children = (
				F5D9566818D25B2F00952D3C /* SymbolicatorTests-Info.plist */,
				F5D9566918D25B2F00952D3C /* InfoPlist.strings */,
			);
			name = "Supporting Files";
			sourceTree = "<group>";
		};
/* End PBXGroup section */

/* Begin PBXNativeTarget section */
		F5D9563E18D25B2F00952D3C /* Symbolicator */ = {
			isa = PBXNativeTarget;
			buildConfigurationList = F5D9567018D25B2F00952D3C /* Build configuration list for PBXNativeTarget "Symbolicator" */;
			buildPhases = (
				CB1088A225BF49D7BE137FE5 /* Check Pods Manifest.lock */,
				F5D9563B18D25B2F00952D3C /* Sources */,
				F5D9563C18D25B2F00952D3C /* Frameworks */,
				F5D9563D18D25B2F00952D3C /* Resources */,
				75B54B9F11ED4805842544D2 /* Copy Pods Resources */,
			);
			buildRules = (
			);
			dependencies = (
			);
			name = Symbolicator;
			productName = Symbolicator;
			productReference = F5D9563F18D25B2F00952D3C /* Symbolicator.app */;
			productType = "com.apple.product-type.application";
		};
		F5D9565F18D25B2F00952D3C /* SymbolicatorTests */ = {
			isa = PBXNativeTarget;
			buildConfigurationList = F5D9567318D25B2F00952D3C /* Build configuration list for PBXNativeTarget "SymbolicatorTests" */;
			buildPhases = (
				310E1765FE24410AA7E72811 /* Check Pods Manifest.lock */,
				F5D9565C18D25B2F00952D3C /* Sources */,
				F5D9565D18D25B2F00952D3C /* Frameworks */,
				F5D9565E18D25B2F00952D3C /* Resources */,
				C8F940F6CCA54B888C9686C8 /* Copy Pods Resources */,
			);
			buildRules = (
			);
			dependencies = (
				F5D9566518D25B2F00952D3C /* PBXTargetDependency */,
			);
			name = SymbolicatorTests;
			productName = SymbolicatorTests;
			productReference = F5D9566018D25B2F00952D3C /* SymbolicatorTests.xctest */;
			productType = "com.apple.product-type.bundle.unit-test";
		};
/* End PBXNativeTarget section */

/* Begin PBXProject section */
		F5D9563718D25B2F00952D3C /* Project object */ = {
			isa = PBXProject;
			attributes = {
				CLASSPREFIX = SYM;
				LastUpgradeCheck = 0510;
				ORGANIZATIONNAME = Symbolicator;
				TargetAttributes = {
					F5D9565F18D25B2F00952D3C = {
						TestTargetID = F5D9563E18D25B2F00952D3C;
					};
				};
			};
			buildConfigurationList = F5D9563A18D25B2F00952D3C /* Build configuration list for PBXProject "Symbolicator" */;
			compatibilityVersion = "Xcode 3.2";
			developmentRegion = English;
			hasScannedForEncodings = 0;
			knownRegions = (
				en,
				Base,
			);
			mainGroup = F5D9563618D25B2F00952D3C;
			productRefGroup = F5D9564018D25B2F00952D3C /* Products */;
			projectDirPath = "";
			projectRoot = "";
			targets = (
				F5D9563E18D25B2F00952D3C /* Symbolicator */,
				F5D9565F18D25B2F00952D3C /* SymbolicatorTests */,
				E7751A9818DEA93100EDF841 /* MOGenerator */,
			);
		};
/* End PBXProject section */

/* Begin PBXResourcesBuildPhase section */
		F5D9563D18D25B2F00952D3C /* Resources */ = {
			isa = PBXResourcesBuildPhase;
			buildActionMask = 2147483647;
			files = (
				F5D9564D18D25B2F00952D3C /* InfoPlist.strings in Resources */,
				F5D9565B18D25B2F00952D3C /* Images.xcassets in Resources */,
				F5D9565318D25B2F00952D3C /* Credits.rtf in Resources */,
				F5D9565918D25B2F00952D3C /* MainMenu.xib in Resources */,
				E710DAED18E8B165009B335D /* BambooBrowser.xib in Resources */,
			);
			runOnlyForDeploymentPostprocessing = 0;
		};
		F5D9565E18D25B2F00952D3C /* Resources */ = {
			isa = PBXResourcesBuildPhase;
			buildActionMask = 2147483647;
			files = (
				E710DAEE18E8B165009B335D /* BambooBrowser.xib in Resources */,
				F5D9566B18D25B2F00952D3C /* InfoPlist.strings in Resources */,
			);
			runOnlyForDeploymentPostprocessing = 0;
		};
/* End PBXResourcesBuildPhase section */

/* Begin PBXShellScriptBuildPhase section */
		310E1765FE24410AA7E72811 /* Check Pods Manifest.lock */ = {
			isa = PBXShellScriptBuildPhase;
			buildActionMask = 2147483647;
			files = (
			);
			inputPaths = (
			);
			name = "Check Pods Manifest.lock";
			outputPaths = (
			);
			runOnlyForDeploymentPostprocessing = 0;
			shellPath = /bin/sh;
			shellScript = "diff \"${PODS_ROOT}/../Podfile.lock\" \"${PODS_ROOT}/Manifest.lock\" > /dev/null\nif [[ $? != 0 ]] ; then\n    cat << EOM\nerror: The sandbox is not in sync with the Podfile.lock. Run 'pod install' or update your CocoaPods installation.\nEOM\n    exit 1\nfi\n";
			showEnvVarsInLog = 0;
		};
		75B54B9F11ED4805842544D2 /* Copy Pods Resources */ = {
			isa = PBXShellScriptBuildPhase;
			buildActionMask = 2147483647;
			files = (
			);
			inputPaths = (
			);
			name = "Copy Pods Resources";
			outputPaths = (
			);
			runOnlyForDeploymentPostprocessing = 0;
			shellPath = /bin/sh;
			shellScript = "\"${SRCROOT}/Pods/Pods-resources.sh\"\n";
			showEnvVarsInLog = 0;
		};
		C8F940F6CCA54B888C9686C8 /* Copy Pods Resources */ = {
			isa = PBXShellScriptBuildPhase;
			buildActionMask = 2147483647;
			files = (
			);
			inputPaths = (
			);
			name = "Copy Pods Resources";
			outputPaths = (
			);
			runOnlyForDeploymentPostprocessing = 0;
			shellPath = /bin/sh;
			shellScript = "\"${SRCROOT}/Pods/Pods-resources.sh\"\n";
			showEnvVarsInLog = 0;
		};
		CB1088A225BF49D7BE137FE5 /* Check Pods Manifest.lock */ = {
			isa = PBXShellScriptBuildPhase;
			buildActionMask = 2147483647;
			files = (
			);
			inputPaths = (
			);
			name = "Check Pods Manifest.lock";
			outputPaths = (
			);
			runOnlyForDeploymentPostprocessing = 0;
			shellPath = /bin/sh;
			shellScript = "diff \"${PODS_ROOT}/../Podfile.lock\" \"${PODS_ROOT}/Manifest.lock\" > /dev/null\nif [[ $? != 0 ]] ; then\n    cat << EOM\nerror: The sandbox is not in sync with the Podfile.lock. Run 'pod install' or update your CocoaPods installation.\nEOM\n    exit 1\nfi\n";
			showEnvVarsInLog = 0;
		};
		E7751A9C18DEA94E00EDF841 /* ShellScript */ = {
			isa = PBXShellScriptBuildPhase;
			buildActionMask = 2147483647;
			files = (
			);
			inputPaths = (
			);
			outputPaths = (
			);
			runOnlyForDeploymentPostprocessing = 0;
			shellPath = /bin/sh;
			shellScript = "cd \"${SRCROOT}/${PROJECT_NAME}\"; pwd;\nmogenerator --human-dir \"Model/Human\" --machine-dir \"Model/MachineGenerated\" --model \"Model/${PROJECT_NAME}.xcdatamodeld/${PROJECT_NAME}.xcdatamodel\" --base-class \"MMRecord\" --template-var arc=true;";
		};
/* End PBXShellScriptBuildPhase section */

/* Begin PBXSourcesBuildPhase section */
		F5D9563B18D25B2F00952D3C /* Sources */ = {
			isa = PBXSourcesBuildPhase;
			buildActionMask = 2147483647;
			files = (
				E7751AC718DEAFEB00EDF841 /* _SYMBambooProject.m in Sources */,
				E7DA403818E67A6100662884 /* SYMBambooPaginationManager.m in Sources */,
				F5D9567818D25DFA00952D3C /* SYMAppController.m in Sources */,
				E7DF66B918DF903D00628202 /* SYMPreferencesController.m in Sources */,
				E7751AB118DEAFBD00EDF841 /* SYMBambooProject.m in Sources */,
				E7751A9F18DEAB5200EDF841 /* Symbolicator.xcdatamodeld in Sources */,
				E7DF66C218DFE16400628202 /* SYMBambooBrowserController.m in Sources */,
				F529775318D7E68A001551EB /* SYMSymbolicator.m in Sources */,
				F5D9565618D25B2F00952D3C /* SYMAppDelegate.m in Sources */,
				E7751AC118DEAFEB00EDF841 /* _SYMBambooArtifact.m in Sources */,
				E7751AB318DEAFBD00EDF841 /* SYMBambooServer.m in Sources */,
				E7751AC318DEAFEB00EDF841 /* _SYMBambooBuild.m in Sources */,
				E7751AAF18DEAFBD00EDF841 /* SYMBambooPlan.m in Sources */,
				E7751AAD18DEAFBD00EDF841 /* SYMBambooBuild.m in Sources */,
				E7DA403C18E68DED00662884 /* SYMBambooClient+Paging.m in Sources */,
				E7751AAB18DEAFBD00EDF841 /* SYMBambooArtifact.m in Sources */,
				E756B2FB18E290C900805448 /* SYMNotificationConstants.m in Sources */,
				E7751AC918DEAFEB00EDF841 /* _SYMBambooServer.m in Sources */,
				E7751A9618DEA76000EDF841 /* SYMBambooClient.m in Sources */,
				E7CBEAD718E75F1700B461C1 /* SYMBambooClient+Plans.m in Sources */,
				E7751AC518DEAFEB00EDF841 /* _SYMBambooPlan.m in Sources */,
				E707A5B418DF7F3E000AAEEE /* NSURLProtectionSpace+SYMAdditions.m in Sources */,
				E74085FE18E65EA20058AB37 /* SYMBambooClient+Projects.m in Sources */,
				F5D9564F18D25B2F00952D3C /* main.m in Sources */,
			);
			runOnlyForDeploymentPostprocessing = 0;
		};
		F5D9565C18D25B2F00952D3C /* Sources */ = {
			isa = PBXSourcesBuildPhase;
			buildActionMask = 2147483647;
			files = (
				E7751AAE18DEAFBD00EDF841 /* SYMBambooBuild.m in Sources */,
				E7751AC418DEAFEB00EDF841 /* _SYMBambooBuild.m in Sources */,
				E74085FF18E65EA20058AB37 /* SYMBambooClient+Projects.m in Sources */,
				E7751AC618DEAFEB00EDF841 /* _SYMBambooPlan.m in Sources */,
				E7DA403D18E68DED00662884 /* SYMBambooClient+Paging.m in Sources */,
				E7751AC818DEAFEB00EDF841 /* _SYMBambooProject.m in Sources */,
				E7DA403918E67A6100662884 /* SYMBambooPaginationManager.m in Sources */,
				E7751A9718DEA76000EDF841 /* SYMBambooClient.m in Sources */,
				E756B2FC18E290C900805448 /* SYMNotificationConstants.m in Sources */,
				E7751AAC18DEAFBD00EDF841 /* SYMBambooArtifact.m in Sources */,
				E7751ACA18DEAFEB00EDF841 /* _SYMBambooServer.m in Sources */,
				E7CBEAD818E75F1700B461C1 /* SYMBambooClient+Plans.m in Sources */,
				E7751AA018DEAB5200EDF841 /* Symbolicator.xcdatamodeld in Sources */,
				E707A5B718DF80B4000AAEEE /* NSURLProtectionSpaceAdditionsTests.m in Sources */,
				F529775418D7E68A001551EB /* SYMSymbolicator.m in Sources */,
				E707A5B518DF7F3E000AAEEE /* NSURLProtectionSpace+SYMAdditions.m in Sources */,
				E7751AB218DEAFBD00EDF841 /* SYMBambooProject.m in Sources */,
				E7751AB418DEAFBD00EDF841 /* SYMBambooServer.m in Sources */,
				E7751AB018DEAFBD00EDF841 /* SYMBambooPlan.m in Sources */,
				E7DF66C318DFE16400628202 /* SYMBambooBrowserController.m in Sources */,
				E7DF66BA18DF903D00628202 /* SYMPreferencesController.m in Sources */,
				F5D9567918D25DFA00952D3C /* SYMAppController.m in Sources */,
				E7751AC218DEAFEB00EDF841 /* _SYMBambooArtifact.m in Sources */,
			);
			runOnlyForDeploymentPostprocessing = 0;
		};
/* End PBXSourcesBuildPhase section */

/* Begin PBXTargetDependency section */
		F5D9566518D25B2F00952D3C /* PBXTargetDependency */ = {
			isa = PBXTargetDependency;
			target = F5D9563E18D25B2F00952D3C /* Symbolicator */;
			targetProxy = F5D9566418D25B2F00952D3C /* PBXContainerItemProxy */;
		};
/* End PBXTargetDependency section */

/* Begin PBXVariantGroup section */
		F5D9564B18D25B2F00952D3C /* InfoPlist.strings */ = {
			isa = PBXVariantGroup;
			children = (
				F5D9564C18D25B2F00952D3C /* en */,
			);
			name = InfoPlist.strings;
			sourceTree = "<group>";
		};
		F5D9565118D25B2F00952D3C /* Credits.rtf */ = {
			isa = PBXVariantGroup;
			children = (
				F5D9565218D25B2F00952D3C /* en */,
			);
			name = Credits.rtf;
			sourceTree = "<group>";
		};
		F5D9565718D25B2F00952D3C /* MainMenu.xib */ = {
			isa = PBXVariantGroup;
			children = (
				F5D9565818D25B2F00952D3C /* Base */,
			);
			name = MainMenu.xib;
			sourceTree = "<group>";
		};
		F5D9566918D25B2F00952D3C /* InfoPlist.strings */ = {
			isa = PBXVariantGroup;
			children = (
				F5D9566A18D25B2F00952D3C /* en */,
			);
			name = InfoPlist.strings;
			sourceTree = "<group>";
		};
/* End PBXVariantGroup section */

/* Begin XCBuildConfiguration section */
		E7751A9A18DEA93100EDF841 /* Debug */ = {
			isa = XCBuildConfiguration;
			buildSettings = {
				PRODUCT_NAME = "$(TARGET_NAME)";
			};
			name = Debug;
		};
		E7751A9B18DEA93100EDF841 /* Release */ = {
			isa = XCBuildConfiguration;
			buildSettings = {
				PRODUCT_NAME = "$(TARGET_NAME)";
			};
			name = Release;
		};
		F5D9566E18D25B2F00952D3C /* Debug */ = {
			isa = XCBuildConfiguration;
			buildSettings = {
				ALWAYS_SEARCH_USER_PATHS = NO;
				CLANG_CXX_LANGUAGE_STANDARD = "gnu++0x";
				CLANG_CXX_LIBRARY = "libc++";
				CLANG_ENABLE_MODULES = YES;
				CLANG_ENABLE_OBJC_ARC = YES;
				CLANG_WARN_BOOL_CONVERSION = YES;
				CLANG_WARN_CONSTANT_CONVERSION = YES;
				CLANG_WARN_DIRECT_OBJC_ISA_USAGE = YES_ERROR;
				CLANG_WARN_EMPTY_BODY = YES;
				CLANG_WARN_ENUM_CONVERSION = YES;
				CLANG_WARN_INT_CONVERSION = YES;
				CLANG_WARN_OBJC_ROOT_CLASS = YES_ERROR;
				CLANG_WARN__DUPLICATE_METHOD_MATCH = YES;
				COPY_PHASE_STRIP = NO;
				GCC_C_LANGUAGE_STANDARD = gnu99;
				GCC_DYNAMIC_NO_PIC = NO;
				GCC_ENABLE_OBJC_EXCEPTIONS = YES;
				GCC_OPTIMIZATION_LEVEL = 0;
				GCC_PREPROCESSOR_DEFINITIONS = (
					"DEBUG=1",
					"$(inherited)",
				);
				GCC_SYMBOLS_PRIVATE_EXTERN = NO;
				GCC_WARN_64_TO_32_BIT_CONVERSION = YES;
				GCC_WARN_ABOUT_RETURN_TYPE = YES_ERROR;
				GCC_WARN_UNDECLARED_SELECTOR = YES;
				GCC_WARN_UNINITIALIZED_AUTOS = YES_AGGRESSIVE;
				GCC_WARN_UNUSED_FUNCTION = YES;
				GCC_WARN_UNUSED_VARIABLE = YES;
				MACOSX_DEPLOYMENT_TARGET = 10.9;
				ONLY_ACTIVE_ARCH = YES;
				SDKROOT = macosx;
			};
			name = Debug;
		};
		F5D9566F18D25B2F00952D3C /* Release */ = {
			isa = XCBuildConfiguration;
			buildSettings = {
				ALWAYS_SEARCH_USER_PATHS = NO;
				CLANG_CXX_LANGUAGE_STANDARD = "gnu++0x";
				CLANG_CXX_LIBRARY = "libc++";
				CLANG_ENABLE_MODULES = YES;
				CLANG_ENABLE_OBJC_ARC = YES;
				CLANG_WARN_BOOL_CONVERSION = YES;
				CLANG_WARN_CONSTANT_CONVERSION = YES;
				CLANG_WARN_DIRECT_OBJC_ISA_USAGE = YES_ERROR;
				CLANG_WARN_EMPTY_BODY = YES;
				CLANG_WARN_ENUM_CONVERSION = YES;
				CLANG_WARN_INT_CONVERSION = YES;
				CLANG_WARN_OBJC_ROOT_CLASS = YES_ERROR;
				CLANG_WARN__DUPLICATE_METHOD_MATCH = YES;
				COPY_PHASE_STRIP = YES;
				DEBUG_INFORMATION_FORMAT = "dwarf-with-dsym";
				ENABLE_NS_ASSERTIONS = NO;
				GCC_C_LANGUAGE_STANDARD = gnu99;
				GCC_ENABLE_OBJC_EXCEPTIONS = YES;
				GCC_WARN_64_TO_32_BIT_CONVERSION = YES;
				GCC_WARN_ABOUT_RETURN_TYPE = YES_ERROR;
				GCC_WARN_UNDECLARED_SELECTOR = YES;
				GCC_WARN_UNINITIALIZED_AUTOS = YES_AGGRESSIVE;
				GCC_WARN_UNUSED_FUNCTION = YES;
				GCC_WARN_UNUSED_VARIABLE = YES;
				MACOSX_DEPLOYMENT_TARGET = 10.9;
				SDKROOT = macosx;
			};
			name = Release;
		};
		F5D9567118D25B2F00952D3C /* Debug */ = {
			isa = XCBuildConfiguration;
			baseConfigurationReference = 2B87C05FA5A9412FAE82C07A /* Pods.xcconfig */;
			buildSettings = {
				ASSETCATALOG_COMPILER_APPICON_NAME = AppIcon;
				COMBINE_HIDPI_IMAGES = YES;
				GCC_PRECOMPILE_PREFIX_HEADER = YES;
				GCC_PREFIX_HEADER = "Symbolicator/Symbolicator-Prefix.pch";
				INFOPLIST_FILE = "Symbolicator/Symbolicator-Info.plist";
				PRODUCT_NAME = "$(TARGET_NAME)";
				WRAPPER_EXTENSION = app;
			};
			name = Debug;
		};
		F5D9567218D25B2F00952D3C /* Release */ = {
			isa = XCBuildConfiguration;
			baseConfigurationReference = 2B87C05FA5A9412FAE82C07A /* Pods.xcconfig */;
			buildSettings = {
				ASSETCATALOG_COMPILER_APPICON_NAME = AppIcon;
				COMBINE_HIDPI_IMAGES = YES;
				GCC_PRECOMPILE_PREFIX_HEADER = YES;
				GCC_PREFIX_HEADER = "Symbolicator/Symbolicator-Prefix.pch";
				INFOPLIST_FILE = "Symbolicator/Symbolicator-Info.plist";
				PRODUCT_NAME = "$(TARGET_NAME)";
				WRAPPER_EXTENSION = app;
			};
			name = Release;
		};
		F5D9567418D25B2F00952D3C /* Debug */ = {
			isa = XCBuildConfiguration;
			baseConfigurationReference = 2B87C05FA5A9412FAE82C07A /* Pods.xcconfig */;
			buildSettings = {
				BUNDLE_LOADER = "$(BUILT_PRODUCTS_DIR)/Symbolicator.app/Contents/MacOS/Symbolicator";
				COMBINE_HIDPI_IMAGES = YES;
				FRAMEWORK_SEARCH_PATHS = (
					"$(DEVELOPER_FRAMEWORKS_DIR)",
					"$(inherited)",
				);
				GCC_PRECOMPILE_PREFIX_HEADER = YES;
				GCC_PREFIX_HEADER = "Symbolicator/Symbolicator-Prefix.pch";
				GCC_PREPROCESSOR_DEFINITIONS = (
					"DEBUG=1",
					"$(inherited)",
				);
				INFOPLIST_FILE = "SymbolicatorTests/SymbolicatorTests-Info.plist";
				PRODUCT_NAME = "$(TARGET_NAME)";
				TEST_HOST = "$(BUNDLE_LOADER)";
				WRAPPER_EXTENSION = xctest;
			};
			name = Debug;
		};
		F5D9567518D25B2F00952D3C /* Release */ = {
			isa = XCBuildConfiguration;
			baseConfigurationReference = 2B87C05FA5A9412FAE82C07A /* Pods.xcconfig */;
			buildSettings = {
				BUNDLE_LOADER = "$(BUILT_PRODUCTS_DIR)/Symbolicator.app/Contents/MacOS/Symbolicator";
				COMBINE_HIDPI_IMAGES = YES;
				FRAMEWORK_SEARCH_PATHS = (
					"$(DEVELOPER_FRAMEWORKS_DIR)",
					"$(inherited)",
				);
				GCC_PRECOMPILE_PREFIX_HEADER = YES;
				GCC_PREFIX_HEADER = "Symbolicator/Symbolicator-Prefix.pch";
				INFOPLIST_FILE = "SymbolicatorTests/SymbolicatorTests-Info.plist";
				PRODUCT_NAME = "$(TARGET_NAME)";
				TEST_HOST = "$(BUNDLE_LOADER)";
				WRAPPER_EXTENSION = xctest;
			};
			name = Release;
		};
/* End XCBuildConfiguration section */

/* Begin XCConfigurationList section */
		E7751A9918DEA93100EDF841 /* Build configuration list for PBXAggregateTarget "MOGenerator" */ = {
			isa = XCConfigurationList;
			buildConfigurations = (
				E7751A9A18DEA93100EDF841 /* Debug */,
				E7751A9B18DEA93100EDF841 /* Release */,
			);
			defaultConfigurationIsVisible = 0;
			defaultConfigurationName = Release;
		};
		F5D9563A18D25B2F00952D3C /* Build configuration list for PBXProject "Symbolicator" */ = {
			isa = XCConfigurationList;
			buildConfigurations = (
				F5D9566E18D25B2F00952D3C /* Debug */,
				F5D9566F18D25B2F00952D3C /* Release */,
			);
			defaultConfigurationIsVisible = 0;
			defaultConfigurationName = Release;
		};
		F5D9567018D25B2F00952D3C /* Build configuration list for PBXNativeTarget "Symbolicator" */ = {
			isa = XCConfigurationList;
			buildConfigurations = (
				F5D9567118D25B2F00952D3C /* Debug */,
				F5D9567218D25B2F00952D3C /* Release */,
			);
			defaultConfigurationIsVisible = 0;
			defaultConfigurationName = Release;
		};
		F5D9567318D25B2F00952D3C /* Build configuration list for PBXNativeTarget "SymbolicatorTests" */ = {
			isa = XCConfigurationList;
			buildConfigurations = (
				F5D9567418D25B2F00952D3C /* Debug */,
				F5D9567518D25B2F00952D3C /* Release */,
			);
			defaultConfigurationIsVisible = 0;
			defaultConfigurationName = Release;
		};
/* End XCConfigurationList section */

/* Begin XCVersionGroup section */
		E7751A9D18DEAB5200EDF841 /* Symbolicator.xcdatamodeld */ = {
			isa = XCVersionGroup;
			children = (
				E7751A9E18DEAB5200EDF841 /* Symbolicator.xcdatamodel */,
			);
			currentVersion = E7751A9E18DEAB5200EDF841 /* Symbolicator.xcdatamodel */;
			name = Symbolicator.xcdatamodeld;
			path = Model/Symbolicator.xcdatamodeld;
			sourceTree = "<group>";
			versionGroupType = wrapper.xcdatamodel;
		};
/* End XCVersionGroup section */
	};
	rootObject = F5D9563718D25B2F00952D3C /* Project object */;
}
